
Microsoft Visual Studio Solution File, Format Version 12.00
# Visual Studio Version 16
VisualStudioVersion = 16.0.31313.79
MinimumVisualStudioVersion = 10.0.40219.1
Project("{9A19103F-16F7-4668-BE54-9A1E7A4F7556}") = "IdealGas", "IdealGasLaws\IdealGas.csproj", "{0D773B6B-C191-4602-88C5-E655FE48F52C}"
EndProject
Global
	GlobalSection(SolutionConfigurationPlatforms) = preSolution
		Debug|Any CPU = Debug|Any CPU
		Release|Any CPU = Release|Any CPU
	EndGlobalSection
	GlobalSection(ProjectConfigurationPlatforms) = postSolution
		{0D773B6B-C191-4602-88C5-E655FE48F52C}.Debug|Any CPU.ActiveCfg = Debug|Any CPU
		{0D773B6B-C191-4602-88C5-E655FE48F52C}.Debug|Any CPU.Build.0 = Debug|Any CPU
		{0D773B6B-C191-4602-88C5-E655FE48F52C}.Release|Any CPU.ActiveCfg = Release|Any CPU
		{0D773B6B-C191-4602-88C5-E655FE48F52C}.Release|Any CPU.Build.0 = Release|Any CPU
	EndGlobalSection
	GlobalSection(SolutionProperties) = preSolution
		HideSolutionNode = FALSE
	EndGlobalSection
	GlobalSection(ExtensibilityGlobals) = postSolution
		SolutionGuid = {D87F9172-A83A-49CE-814E-F9B054825265}
	EndGlobalSection
EndGlobal
